
Microsoft Visual Studio Solution File, Format Version 12.00
# Visual Studio Version 16
VisualStudioVersion = 16.0.29728.190
MinimumVisualStudioVersion = 10.0.40219.1
Project("{FAE04EC0-301F-11D3-BF4B-00C04F79EFBC}") = "lab_1", "lab_1.csproj", "{6586B1A7-4413-4A2E-B942-30B436B1FD8F}"
EndProject
Global
	GlobalSection(SolutionConfigurationPlatforms) = preSolution
		Debug|Any CPU = Debug|Any CPU
		Release|Any CPU = Release|Any CPU
	EndGlobalSection
	GlobalSection(ProjectConfigurationPlatforms) = postSolution
		{6586B1A7-4413-4A2E-B942-30B436B1FD8F}.Debug|Any CPU.ActiveCfg = Debug|Any CPU
		{6586B1A7-4413-4A2E-B942-30B436B1FD8F}.Debug|Any CPU.Build.0 = Debug|Any CPU
		{6586B1A7-4413-4A2E-B942-30B436B1FD8F}.Release|Any CPU.ActiveCfg = Release|Any CPU
		{6586B1A7-4413-4A2E-B942-30B436B1FD8F}.Release|Any CPU.Build.0 = Release|Any CPU
	EndGlobalSection
	GlobalSection(SolutionProperties) = preSolution
		HideSolutionNode = FALSE
	EndGlobalSection
	GlobalSection(ExtensibilityGlobals) = postSolution
		SolutionGuid = {DE85881C-FA1B-4BFA-BF2A-A974D0A7A5D4}
	EndGlobalSection
EndGlobal
